
Microsoft Visual Studio Solution File, Format Version 12.00
# Visual Studio Version 17
VisualStudioVersion = 17.5.33424.131
MinimumVisualStudioVersion = 10.0.40219.1
Project("{FAE04EC0-301F-11D3-BF4B-00C04F79EFBC}") = "PROJECT_UEH_CSLT", "PROJECT_UEH_CSLT\PROJECT_UEH_CSLT.csproj", "{EAC9C146-5D23-4080-99DA-0EFA33651A51}"
EndProject
Global
	GlobalSection(SolutionConfigurationPlatforms) = preSolution
		Debug|Any CPU = Debug|Any CPU
		Release|Any CPU = Release|Any CPU
	EndGlobalSection
	GlobalSection(ProjectConfigurationPlatforms) = postSolution
		{EAC9C146-5D23-4080-99DA-0EFA33651A51}.Debug|Any CPU.ActiveCfg = Debug|Any CPU
		{EAC9C146-5D23-4080-99DA-0EFA33651A51}.Debug|Any CPU.Build.0 = Debug|Any CPU
		{EAC9C146-5D23-4080-99DA-0EFA33651A51}.Release|Any CPU.ActiveCfg = Release|Any CPU
		{EAC9C146-5D23-4080-99DA-0EFA33651A51}.Release|Any CPU.Build.0 = Release|Any CPU
	EndGlobalSection
	GlobalSection(SolutionProperties) = preSolution
		HideSolutionNode = FALSE
	EndGlobalSection
	GlobalSection(ExtensibilityGlobals) = postSolution
		SolutionGuid = {FA26BD37-3CC1-4617-AAF0-C87CB2A8E518}
	EndGlobalSection
EndGlobal
